Microsoft Visual Studio Solution File, Format Version 12.00
# Visual Studio Version 17
VisualStudioVersion = 17.13.35828.75
MinimumVisualStudioVersion = 10.0.40219.1
Project("{888888A0-9F3D-457C-B088-3A5042F75D52}") = "Simple Time Tracker for Tasks", "Simple Time Tracker for Tasks.pyproj", "{C1C29EC3-C146-40D9-B2A8-4025507BB2B9}"
EndProject
Global
	GlobalSection(SolutionConfigurationPlatforms) = preSolution
		Debug|Any CPU = Debug|Any CPU
		Release|Any CPU = Release|Any CPU
	EndGlobalSection
	GlobalSection(ProjectConfigurationPlatforms) = postSolution
		{C1C29EC3-C146-40D9-B2A8-4025507BB2B9}.Debug|Any CPU.ActiveCfg = Debug|Any CPU
		{C1C29EC3-C146-40D9-B2A8-4025507BB2B9}.Release|Any CPU.ActiveCfg = Release|Any CPU
	EndGlobalSection
	GlobalSection(SolutionProperties) = preSolution
		HideSolutionNode = FALSE
	EndGlobalSection
	GlobalSection(ExtensibilityGlobals) = postSolution
		SolutionGuid = {8AAE3964-282D-40EE-B0D6-BA5D89672B45}
	EndGlobalSection
EndGlobal
